
Microsoft Visual Studio Solution File, Format Version 12.00
# Visual Studio Version 17
VisualStudioVersion = 17.0.32126.317
MinimumVisualStudioVersion = 10.0.40219.1
Project("{FAE04EC0-301F-11D3-BF4B-00C04F79EFBC}") = "EloadasProject", "EloadasProject\EloadasProject.csproj", "{6185335D-1F82-4ECC-B30D-F4F3DED18862}"
EndProject
Project("{FAE04EC0-301F-11D3-BF4B-00C04F79EFBC}") = "UnitTest1.cs", "UnitTest1.cs\UnitTest1.cs.csproj", "{0CD76AFE-E85A-4CD2-A3E5-04EFAC8B9E7B}"
EndProject
Global
	GlobalSection(SolutionConfigurationPlatforms) = preSolution
		Debug|Any CPU = Debug|Any CPU
		Release|Any CPU = Release|Any CPU
	EndGlobalSection
	GlobalSection(ProjectConfigurationPlatforms) = postSolution
		{6185335D-1F82-4ECC-B30D-F4F3DED18862}.Debug|Any CPU.ActiveCfg = Debug|Any CPU
		{6185335D-1F82-4ECC-B30D-F4F3DED18862}.Debug|Any CPU.Build.0 = Debug|Any CPU
		{6185335D-1F82-4ECC-B30D-F4F3DED18862}.Release|Any CPU.ActiveCfg = Release|Any CPU
		{6185335D-1F82-4ECC-B30D-F4F3DED18862}.Release|Any CPU.Build.0 = Release|Any CPU
		{0CD76AFE-E85A-4CD2-A3E5-04EFAC8B9E7B}.Debug|Any CPU.ActiveCfg = Debug|Any CPU
		{0CD76AFE-E85A-4CD2-A3E5-04EFAC8B9E7B}.Debug|Any CPU.Build.0 = Debug|Any CPU
		{0CD76AFE-E85A-4CD2-A3E5-04EFAC8B9E7B}.Release|Any CPU.ActiveCfg = Release|Any CPU
		{0CD76AFE-E85A-4CD2-A3E5-04EFAC8B9E7B}.Release|Any CPU.Build.0 = Release|Any CPU
	EndGlobalSection
	GlobalSection(SolutionProperties) = preSolution
		HideSolutionNode = FALSE
	EndGlobalSection
	GlobalSection(ExtensibilityGlobals) = postSolution
		SolutionGuid = {3F232CBE-604A-47D1-9928-DAAA66A1F8BD}
	EndGlobalSection
EndGlobal
